{
  "name": "devworld26",
  "version": "1.0.0",
  "lockfileVersion": 3,
  "requires": true,
  "packages": {
    "": {
      "name": "devworld26",
      "version": "1.0.0",
      "license": "ISC",
      "dependencies": {
        "spektrum": "^0.5.1"
      }
    },
    "node_modules/spektrum": {
      "version": "0.5.1",
      "resolved": "https://registry.npmjs.org/spektrum/-/spektrum-0.5.1.tgz",
      "integrity": "sha512-5I99h7+0V78cgWZE+MD2dTUuemWTM6baSn1dmJKkjkhqoQVqPdGGb/SvWY0vQBtFto9Lbxvl1wnT/yAWQ2Pdkg==",
      "license": "MIT",
      "engines": {
        "node": ">=22"
      }
    }
  }
}
