{
  "name": "devworld26",
  "version": "1.0.0",
  "lockfileVersion": 3,
  "requires": true,
  "packages": {
    "": {
      "name": "devworld26",
      "version": "1.0.0",
      "license": "ISC",
      "dependencies": {
        "spektrum": "^0.4.1"
      }
    },
    "node_modules/spektrum": {
      "version": "0.4.1",
      "resolved": "https://registry.npmjs.org/spektrum/-/spektrum-0.4.1.tgz",
      "integrity": "sha512-Zz8NZQuNrsLqStftDAhN3foKlhlOUqr3QalPDgw7zFRRCr1n79ouc41uUz76k/RNW3+hNKyJdQIQHDZqpTHfIw==",
      "license": "MIT",
      "engines": {
        "node": ">=22"
      }
    }
  }
}
